
Microsoft Visual Studio Solution File, Format Version 12.00
# Visual Studio 14
VisualStudioVersion = 14.0.23107.0
MinimumVisualStudioVersion = 10.0.40219.1
Project("{E24C65DC-7377-472B-9ABA-BC803B73C61A}") = "Chapter 2", "Chapter 2\", "{9D690087-AA15-414D-8653-8BD237FA51A6}"
	ProjectSection(WebsiteProperties) = preProject
		TargetFrameworkMoniker = ".NETFramework,Version%3Dv4.5.2"
		Debug.AspNetCompiler.VirtualPath = "/localhost_62063"
		Debug.AspNetCompiler.PhysicalPath = "Chapter 2\"
		Debug.AspNetCompiler.TargetPath = "PrecompiledWeb\localhost_62063\"
		Debug.AspNetCompiler.Updateable = "true"
		Debug.AspNetCompiler.ForceOverwrite = "true"
		Debug.AspNetCompiler.FixedNames = "false"
		Debug.AspNetCompiler.Debug = "True"
		Release.AspNetCompiler.VirtualPath = "/localhost_62063"
		Release.AspNetCompiler.PhysicalPath = "Chapter 2\"
		Release.AspNetCompiler.TargetPath = "PrecompiledWeb\localhost_62063\"
		Release.AspNetCompiler.Updateable = "true"
		Release.AspNetCompiler.ForceOverwrite = "true"
		Release.AspNetCompiler.FixedNames = "false"
		Release.AspNetCompiler.Debug = "False"
		VWDPort = "62063"
		SlnRelativePath = "Chapter 2\"
		DefaultWebSiteLanguage = "Visual C#"
	EndProjectSection
EndProject
Project("{E24C65DC-7377-472B-9ABA-BC803B73C61A}") = "Chapter 6", "Chapter 6\", "{B533D332-BF37-47AF-B612-6BC921BBBB27}"
	ProjectSection(WebsiteProperties) = preProject
		TargetFrameworkMoniker = ".NETFramework,Version%3Dv4.5.2"
		Debug.AspNetCompiler.VirtualPath = "/localhost_62362"
		Debug.AspNetCompiler.PhysicalPath = "Chapter 6\"
		Debug.AspNetCompiler.TargetPath = "PrecompiledWeb\localhost_62362\"
		Debug.AspNetCompiler.Updateable = "true"
		Debug.AspNetCompiler.ForceOverwrite = "true"
		Debug.AspNetCompiler.FixedNames = "false"
		Debug.AspNetCompiler.Debug = "True"
		Release.AspNetCompiler.VirtualPath = "/localhost_62362"
		Release.AspNetCompiler.PhysicalPath = "Chapter 6\"
		Release.AspNetCompiler.TargetPath = "PrecompiledWeb\localhost_62362\"
		Release.AspNetCompiler.Updateable = "true"
		Release.AspNetCompiler.ForceOverwrite = "true"
		Release.AspNetCompiler.FixedNames = "false"
		Release.AspNetCompiler.Debug = "False"
		VWDPort = "62362"
		SlnRelativePath = "Chapter 6\"
		DefaultWebSiteLanguage = "Visual C#"
	EndProjectSection
EndProject
Project("{E24C65DC-7377-472B-9ABA-BC803B73C61A}") = "Chapter 7", "Chapter 7\", "{E48429C1-9C00-4217-BA66-6EF65E2058D0}"
	ProjectSection(WebsiteProperties) = preProject
		TargetFrameworkMoniker = ".NETFramework,Version%3Dv4.5.2"
		Debug.AspNetCompiler.VirtualPath = "/localhost_54428"
		Debug.AspNetCompiler.PhysicalPath = "Chapter 7\"
		Debug.AspNetCompiler.TargetPath = "PrecompiledWeb\localhost_54428\"
		Debug.AspNetCompiler.Updateable = "true"
		Debug.AspNetCompiler.ForceOverwrite = "true"
		Debug.AspNetCompiler.FixedNames = "false"
		Debug.AspNetCompiler.Debug = "True"
		Release.AspNetCompiler.VirtualPath = "/localhost_54428"
		Release.AspNetCompiler.PhysicalPath = "Chapter 7\"
		Release.AspNetCompiler.TargetPath = "PrecompiledWeb\localhost_54428\"
		Release.AspNetCompiler.Updateable = "true"
		Release.AspNetCompiler.ForceOverwrite = "true"
		Release.AspNetCompiler.FixedNames = "false"
		Release.AspNetCompiler.Debug = "False"
		VWDPort = "54428"
		SlnRelativePath = "Chapter 7\"
		DefaultWebSiteLanguage = "Visual C#"
	EndProjectSection
EndProject
Project("{E24C65DC-7377-472B-9ABA-BC803B73C61A}") = "Chapter 8", "Chapter 8\", "{84E35DCD-4CD4-4205-997C-A2C80B7A02B0}"
	ProjectSection(WebsiteProperties) = preProject
		TargetFrameworkMoniker = ".NETFramework,Version%3Dv4.5.2"
		Debug.AspNetCompiler.VirtualPath = "/localhost_54095"
		Debug.AspNetCompiler.PhysicalPath = "Chapter 8\"
		Debug.AspNetCompiler.TargetPath = "PrecompiledWeb\localhost_54095\"
		Debug.AspNetCompiler.Updateable = "true"
		Debug.AspNetCompiler.ForceOverwrite = "true"
		Debug.AspNetCompiler.FixedNames = "false"
		Debug.AspNetCompiler.Debug = "True"
		Release.AspNetCompiler.VirtualPath = "/localhost_54095"
		Release.AspNetCompiler.PhysicalPath = "Chapter 8\"
		Release.AspNetCompiler.TargetPath = "PrecompiledWeb\localhost_54095\"
		Release.AspNetCompiler.Updateable = "true"
		Release.AspNetCompiler.ForceOverwrite = "true"
		Release.AspNetCompiler.FixedNames = "false"
		Release.AspNetCompiler.Debug = "False"
		VWDPort = "54095"
		SlnRelativePath = "Chapter 8\"
	EndProjectSection
EndProject
Project("{E24C65DC-7377-472B-9ABA-BC803B73C61A}") = "Chapter 9", "Chapter 9\", "{935073C6-89AA-4454-B0F2-85B6F1EB7C88}"
	ProjectSection(WebsiteProperties) = preProject
		TargetFrameworkMoniker = ".NETFramework,Version%3Dv4.5.2"
		Debug.AspNetCompiler.VirtualPath = "/localhost_54210"
		Debug.AspNetCompiler.PhysicalPath = "Chapter 9\"
		Debug.AspNetCompiler.TargetPath = "PrecompiledWeb\localhost_54210\"
		Debug.AspNetCompiler.Updateable = "true"
		Debug.AspNetCompiler.ForceOverwrite = "true"
		Debug.AspNetCompiler.FixedNames = "false"
		Debug.AspNetCompiler.Debug = "True"
		Release.AspNetCompiler.VirtualPath = "/localhost_54210"
		Release.AspNetCompiler.PhysicalPath = "Chapter 9\"
		Release.AspNetCompiler.TargetPath = "PrecompiledWeb\localhost_54210\"
		Release.AspNetCompiler.Updateable = "true"
		Release.AspNetCompiler.ForceOverwrite = "true"
		Release.AspNetCompiler.FixedNames = "false"
		Release.AspNetCompiler.Debug = "False"
		VWDPort = "54210"
		SlnRelativePath = "Chapter 9\"
		DefaultWebSiteLanguage = "Visual C#"
	EndProjectSection
EndProject
Project("{E24C65DC-7377-472B-9ABA-BC803B73C61A}") = "Chapter 10(1)", "Chapter 10\", "{41836DB1-19F8-47A5-A1E5-7AC1D891AE8A}"
	ProjectSection(WebsiteProperties) = preProject
		TargetFrameworkMoniker = ".NETFramework,Version%3Dv4.5.2"
		Debug.AspNetCompiler.VirtualPath = "/localhost_51891"
		Debug.AspNetCompiler.PhysicalPath = "Chapter 10\"
		Debug.AspNetCompiler.TargetPath = "PrecompiledWeb\localhost_51891\"
		Debug.AspNetCompiler.Updateable = "true"
		Debug.AspNetCompiler.ForceOverwrite = "true"
		Debug.AspNetCompiler.FixedNames = "false"
		Debug.AspNetCompiler.Debug = "True"
		Release.AspNetCompiler.VirtualPath = "/localhost_51891"
		Release.AspNetCompiler.PhysicalPath = "Chapter 10\"
		Release.AspNetCompiler.TargetPath = "PrecompiledWeb\localhost_51891\"
		Release.AspNetCompiler.Updateable = "true"
		Release.AspNetCompiler.ForceOverwrite = "true"
		Release.AspNetCompiler.FixedNames = "false"
		Release.AspNetCompiler.Debug = "False"
		VWDPort = "51761"
		SlnRelativePath = "Chapter 10\"
		DefaultWebSiteLanguage = "Visual C#"
	EndProjectSection
EndProject
Project("{E24C65DC-7377-472B-9ABA-BC803B73C61A}") = "Chapter 11", "Chapter 11\", "{DABB6E01-451C-41DD-B207-6CE2E1629571}"
	ProjectSection(WebsiteProperties) = preProject
		TargetFrameworkMoniker = ".NETFramework,Version%3Dv4.5.2"
		Debug.AspNetCompiler.VirtualPath = "/localhost_60492"
		Debug.AspNetCompiler.PhysicalPath = "Chapter 11\"
		Debug.AspNetCompiler.TargetPath = "PrecompiledWeb\localhost_60492\"
		Debug.AspNetCompiler.Updateable = "true"
		Debug.AspNetCompiler.ForceOverwrite = "true"
		Debug.AspNetCompiler.FixedNames = "false"
		Debug.AspNetCompiler.Debug = "True"
		Release.AspNetCompiler.VirtualPath = "/localhost_60492"
		Release.AspNetCompiler.PhysicalPath = "Chapter 11\"
		Release.AspNetCompiler.TargetPath = "PrecompiledWeb\localhost_60492\"
		Release.AspNetCompiler.Updateable = "true"
		Release.AspNetCompiler.ForceOverwrite = "true"
		Release.AspNetCompiler.FixedNames = "false"
		Release.AspNetCompiler.Debug = "False"
		VWDPort = "60492"
		SlnRelativePath = "Chapter 11\"
		DefaultWebSiteLanguage = "Visual C#"
	EndProjectSection
EndProject
Project("{E24C65DC-7377-472B-9ABA-BC803B73C61A}") = "Chapter 12", "Chapter 12\", "{B6849126-2A5F-434B-B50C-98C1DBA9ADCF}"
	ProjectSection(WebsiteProperties) = preProject
		TargetFrameworkMoniker = ".NETFramework,Version%3Dv4.5.2"
		Debug.AspNetCompiler.VirtualPath = "/localhost_57825"
		Debug.AspNetCompiler.PhysicalPath = "Chapter 12\"
		Debug.AspNetCompiler.TargetPath = "PrecompiledWeb\localhost_57825\"
		Debug.AspNetCompiler.Updateable = "true"
		Debug.AspNetCompiler.ForceOverwrite = "true"
		Debug.AspNetCompiler.FixedNames = "false"
		Debug.AspNetCompiler.Debug = "True"
		Release.AspNetCompiler.VirtualPath = "/localhost_57825"
		Release.AspNetCompiler.PhysicalPath = "Chapter 12\"
		Release.AspNetCompiler.TargetPath = "PrecompiledWeb\localhost_57825\"
		Release.AspNetCompiler.Updateable = "true"
		Release.AspNetCompiler.ForceOverwrite = "true"
		Release.AspNetCompiler.FixedNames = "false"
		Release.AspNetCompiler.Debug = "False"
		VWDPort = "57825"
		SlnRelativePath = "Chapter 12\"
		DefaultWebSiteLanguage = "Visual C#"
	EndProjectSection
EndProject
Project("{E24C65DC-7377-472B-9ABA-BC803B73C61A}") = "Chapter 13", "Chapter 13\", "{5CC34BE2-3812-4438-84D0-A9B993D22F4E}"
	ProjectSection(WebsiteProperties) = preProject
		TargetFrameworkMoniker = ".NETFramework,Version%3Dv4.5.2"
		Debug.AspNetCompiler.VirtualPath = "/localhost_55002"
		Debug.AspNetCompiler.PhysicalPath = "Chapter 13\"
		Debug.AspNetCompiler.TargetPath = "PrecompiledWeb\localhost_55002\"
		Debug.AspNetCompiler.Updateable = "true"
		Debug.AspNetCompiler.ForceOverwrite = "true"
		Debug.AspNetCompiler.FixedNames = "false"
		Debug.AspNetCompiler.Debug = "True"
		Release.AspNetCompiler.VirtualPath = "/localhost_55002"
		Release.AspNetCompiler.PhysicalPath = "Chapter 13\"
		Release.AspNetCompiler.TargetPath = "PrecompiledWeb\localhost_55002\"
		Release.AspNetCompiler.Updateable = "true"
		Release.AspNetCompiler.ForceOverwrite = "true"
		Release.AspNetCompiler.FixedNames = "false"
		Release.AspNetCompiler.Debug = "False"
		VWDPort = "55002"
		SlnRelativePath = "Chapter 13\"
		DefaultWebSiteLanguage = "Visual C#"
	EndProjectSection
EndProject
Project("{E24C65DC-7377-472B-9ABA-BC803B73C61A}") = "Chapter 14", "Chapter 14\", "{4A68B783-D83C-4145-BE74-5DC252990188}"
	ProjectSection(WebsiteProperties) = preProject
		TargetFrameworkMoniker = ".NETFramework,Version%3Dv4.5.2"
		Debug.AspNetCompiler.VirtualPath = "/localhost_61008"
		Debug.AspNetCompiler.PhysicalPath = "Chapter 14\"
		Debug.AspNetCompiler.TargetPath = "PrecompiledWeb\localhost_61008\"
		Debug.AspNetCompiler.Updateable = "true"
		Debug.AspNetCompiler.ForceOverwrite = "true"
		Debug.AspNetCompiler.FixedNames = "false"
		Debug.AspNetCompiler.Debug = "True"
		Release.AspNetCompiler.VirtualPath = "/localhost_61008"
		Release.AspNetCompiler.PhysicalPath = "Chapter 14\"
		Release.AspNetCompiler.TargetPath = "PrecompiledWeb\localhost_61008\"
		Release.AspNetCompiler.Updateable = "true"
		Release.AspNetCompiler.ForceOverwrite = "true"
		Release.AspNetCompiler.FixedNames = "false"
		Release.AspNetCompiler.Debug = "False"
		VWDPort = "61008"
		SlnRelativePath = "Chapter 14\"
		DefaultWebSiteLanguage = "Visual C#"
	EndProjectSection
EndProject
Project("{E24C65DC-7377-472B-9ABA-BC803B73C61A}") = "Chapter 15", "Chapter 15\", "{841C04B8-CA5E-4E7D-8832-3F0D102A424C}"
	ProjectSection(WebsiteProperties) = preProject
		TargetFrameworkMoniker = ".NETFramework,Version%3Dv4.5.2"
		Debug.AspNetCompiler.VirtualPath = "/localhost_60156"
		Debug.AspNetCompiler.PhysicalPath = "Chapter 15\"
		Debug.AspNetCompiler.TargetPath = "PrecompiledWeb\localhost_60156\"
		Debug.AspNetCompiler.Updateable = "true"
		Debug.AspNetCompiler.ForceOverwrite = "true"
		Debug.AspNetCompiler.FixedNames = "false"
		Debug.AspNetCompiler.Debug = "True"
		Release.AspNetCompiler.VirtualPath = "/localhost_60156"
		Release.AspNetCompiler.PhysicalPath = "Chapter 15\"
		Release.AspNetCompiler.TargetPath = "PrecompiledWeb\localhost_60156\"
		Release.AspNetCompiler.Updateable = "true"
		Release.AspNetCompiler.ForceOverwrite = "true"
		Release.AspNetCompiler.FixedNames = "false"
		Release.AspNetCompiler.Debug = "False"
		VWDPort = "60156"
		SlnRelativePath = "Chapter 15\"
		DefaultWebSiteLanguage = "Visual C#"
	EndProjectSection
EndProject
Project("{E24C65DC-7377-472B-9ABA-BC803B73C61A}") = "Chapter 16", "Chapter 16\", "{AB4781EC-BBA2-428A-A44E-E5B160FC61A7}"
	ProjectSection(WebsiteProperties) = preProject
		TargetFrameworkMoniker = ".NETFramework,Version%3Dv4.5.2"
		Debug.AspNetCompiler.VirtualPath = "/localhost_52487"
		Debug.AspNetCompiler.PhysicalPath = "Chapter 16\"
		Debug.AspNetCompiler.TargetPath = "PrecompiledWeb\localhost_52487\"
		Debug.AspNetCompiler.Updateable = "true"
		Debug.AspNetCompiler.ForceOverwrite = "true"
		Debug.AspNetCompiler.FixedNames = "false"
		Debug.AspNetCompiler.Debug = "True"
		Release.AspNetCompiler.VirtualPath = "/localhost_52487"
		Release.AspNetCompiler.PhysicalPath = "Chapter 16\"
		Release.AspNetCompiler.TargetPath = "PrecompiledWeb\localhost_52487\"
		Release.AspNetCompiler.Updateable = "true"
		Release.AspNetCompiler.ForceOverwrite = "true"
		Release.AspNetCompiler.FixedNames = "false"
		Release.AspNetCompiler.Debug = "False"
		VWDPort = "52487"
		SlnRelativePath = "Chapter 16\"
		DefaultWebSiteLanguage = "Visual C#"
	EndProjectSection
EndProject
Project("{E24C65DC-7377-472B-9ABA-BC803B73C61A}") = "Chapter 17", "Chapter 17\", "{B04655AA-D504-478F-8D77-9B025ACE2446}"
	ProjectSection(WebsiteProperties) = preProject
		TargetFrameworkMoniker = ".NETFramework,Version%3Dv4.5.2"
		Debug.AspNetCompiler.VirtualPath = "/localhost_52335"
		Debug.AspNetCompiler.PhysicalPath = "Chapter 17\"
		Debug.AspNetCompiler.TargetPath = "PrecompiledWeb\localhost_52335\"
		Debug.AspNetCompiler.Updateable = "true"
		Debug.AspNetCompiler.ForceOverwrite = "true"
		Debug.AspNetCompiler.FixedNames = "false"
		Debug.AspNetCompiler.Debug = "True"
		Release.AspNetCompiler.VirtualPath = "/localhost_52335"
		Release.AspNetCompiler.PhysicalPath = "Chapter 17\"
		Release.AspNetCompiler.TargetPath = "PrecompiledWeb\localhost_52335\"
		Release.AspNetCompiler.Updateable = "true"
		Release.AspNetCompiler.ForceOverwrite = "true"
		Release.AspNetCompiler.FixedNames = "false"
		Release.AspNetCompiler.Debug = "False"
		VWDPort = "52335"
		SlnRelativePath = "Chapter 17\"
		DefaultWebSiteLanguage = "Visual C#"
	EndProjectSection
EndProject
Global
	GlobalSection(SolutionConfigurationPlatforms) = preSolution
		Debug|Any CPU = Debug|Any CPU
	EndGlobalSection
	GlobalSection(ProjectConfigurationPlatforms) = postSolution
		{9D690087-AA15-414D-8653-8BD237FA51A6}.Debug|Any CPU.ActiveCfg = Debug|Any CPU
		{9D690087-AA15-414D-8653-8BD237FA51A6}.Debug|Any CPU.Build.0 = Debug|Any CPU
		{9D690087-AA15-414D-8653-8BD237FA51A6}.Debug|Any CPU.Deploy.0 = Debug|Any CPU
		{B533D332-BF37-47AF-B612-6BC921BBBB27}.Debug|Any CPU.ActiveCfg = Debug|Any CPU
		{B533D332-BF37-47AF-B612-6BC921BBBB27}.Debug|Any CPU.Build.0 = Debug|Any CPU
		{E48429C1-9C00-4217-BA66-6EF65E2058D0}.Debug|Any CPU.ActiveCfg = Debug|Any CPU
		{E48429C1-9C00-4217-BA66-6EF65E2058D0}.Debug|Any CPU.Build.0 = Debug|Any CPU
		{84E35DCD-4CD4-4205-997C-A2C80B7A02B0}.Debug|Any CPU.ActiveCfg = Debug|Any CPU
		{84E35DCD-4CD4-4205-997C-A2C80B7A02B0}.Debug|Any CPU.Build.0 = Debug|Any CPU
		{935073C6-89AA-4454-B0F2-85B6F1EB7C88}.Debug|Any CPU.ActiveCfg = Debug|Any CPU
		{935073C6-89AA-4454-B0F2-85B6F1EB7C88}.Debug|Any CPU.Build.0 = Debug|Any CPU
		{41836DB1-19F8-47A5-A1E5-7AC1D891AE8A}.Debug|Any CPU.ActiveCfg = Debug|Any CPU
		{41836DB1-19F8-47A5-A1E5-7AC1D891AE8A}.Debug|Any CPU.Build.0 = Debug|Any CPU
		{DABB6E01-451C-41DD-B207-6CE2E1629571}.Debug|Any CPU.ActiveCfg = Debug|Any CPU
		{DABB6E01-451C-41DD-B207-6CE2E1629571}.Debug|Any CPU.Build.0 = Debug|Any CPU
		{B6849126-2A5F-434B-B50C-98C1DBA9ADCF}.Debug|Any CPU.ActiveCfg = Debug|Any CPU
		{B6849126-2A5F-434B-B50C-98C1DBA9ADCF}.Debug|Any CPU.Build.0 = Debug|Any CPU
		{5CC34BE2-3812-4438-84D0-A9B993D22F4E}.Debug|Any CPU.ActiveCfg = Debug|Any CPU
		{5CC34BE2-3812-4438-84D0-A9B993D22F4E}.Debug|Any CPU.Build.0 = Debug|Any CPU
		{4A68B783-D83C-4145-BE74-5DC252990188}.Debug|Any CPU.ActiveCfg = Debug|Any CPU
		{4A68B783-D83C-4145-BE74-5DC252990188}.Debug|Any CPU.Build.0 = Debug|Any CPU
		{841C04B8-CA5E-4E7D-8832-3F0D102A424C}.Debug|Any CPU.ActiveCfg = Debug|Any CPU
		{841C04B8-CA5E-4E7D-8832-3F0D102A424C}.Debug|Any CPU.Build.0 = Debug|Any CPU
		{AB4781EC-BBA2-428A-A44E-E5B160FC61A7}.Debug|Any CPU.ActiveCfg = Debug|Any CPU
		{AB4781EC-BBA2-428A-A44E-E5B160FC61A7}.Debug|Any CPU.Build.0 = Debug|Any CPU
		{B04655AA-D504-478F-8D77-9B025ACE2446}.Debug|Any CPU.ActiveCfg = Debug|Any CPU
		{B04655AA-D504-478F-8D77-9B025ACE2446}.Debug|Any CPU.Build.0 = Debug|Any CPU
	EndGlobalSection
	GlobalSection(SolutionProperties) = preSolution
		HideSolutionNode = FALSE
	EndGlobalSection
EndGlobal
